
Microsoft Visual Studio Solution File, Format Version 12.00
# Visual Studio Version 16
VisualStudioVersion = 16.0.31729.503
MinimumVisualStudioVersion = 10.0.40219.1
Project("{8BC9CEB8-8B4A-11D0-8D11-00A0C91BC942}") = "BOJ_1297", "BOJ_1297\BOJ_1297.vcxproj", "{D0DC6795-096E-4C94-8A5C-E09FD2E94022}"
EndProject
Global
	GlobalSection(SolutionConfigurationPlatforms) = preSolution
		Debug|x64 = Debug|x64
		Release|x64 = Release|x64
	EndGlobalSection
	GlobalSection(ProjectConfigurationPlatforms) = postSolution
		{D0DC6795-096E-4C94-8A5C-E09FD2E94022}.Debug|x64.ActiveCfg = Debug|x64
		{D0DC6795-096E-4C94-8A5C-E09FD2E94022}.Debug|x64.Build.0 = Debug|x64
		{D0DC6795-096E-4C94-8A5C-E09FD2E94022}.Release|x64.ActiveCfg = Release|x64
		{D0DC6795-096E-4C94-8A5C-E09FD2E94022}.Release|x64.Build.0 = Release|x64
	EndGlobalSection
	GlobalSection(SolutionProperties) = preSolution
		HideSolutionNode = FALSE
	EndGlobalSection
	GlobalSection(ExtensibilityGlobals) = postSolution
		SolutionGuid = {AB044DFB-0AFC-4DD8-B28B-018F1BF93E24}
	EndGlobalSection
EndGlobal
